// !$*UTF8*$!
{
	archiveVersion = 1;
	classes = {
	};
	objectVersion = 50;
	objects = {

/* Begin PBXBuildFile section */
		2861203421F0F30D000A7F91 /* AppDelegate.swift in Sources */ = {isa = PBXBuildFile; fileRef = 2861203321F0F30D000A7F91 /* AppDelegate.swift */; };
		2861203621F0F30D000A7F91 /* ViewController.swift in Sources */ = {isa = PBXBuildFile; fileRef = 2861203521F0F30D000A7F91 /* ViewController.swift */; };
		2861203921F0F30D000A7F91 /* Main.storyboard in Resources */ = {isa = PBXBuildFile; fileRef = 2861203721F0F30D000A7F91 /* Main.storyboard */; };
		2861203B21F0F30F000A7F91 /* Assets.xcassets in Resources */ = {isa = PBXBuildFile; fileRef = 2861203A21F0F30F000A7F91 /* Assets.xcassets */; };
		2861203E21F0F30F000A7F91 /* LaunchScreen.storyboard in Resources */ = {isa = PBXBuildFile; fileRef = 2861203C21F0F30F000A7F91 /* LaunchScreen.storyboard */; };
		2861204921F0F310000A7F91 /* ChatAppTests.swift in Sources */ = {isa = PBXBuildFile; fileRef = 2861204821F0F310000A7F91 /* ChatAppTests.swift */; };
		2861205421F0F310000A7F91 /* ChatAppUITests.swift in Sources */ = {isa = PBXBuildFile; fileRef = 2861205321F0F310000A7F91 /* ChatAppUITests.swift */; };
		2861206221F0F373000A7F91 /* MessageController.swift in Sources */ = {isa = PBXBuildFile; fileRef = 2861206121F0F373000A7F91 /* MessageController.swift */; };
		2861206421F0F3B9000A7F91 /* ChatLogController.swift in Sources */ = {isa = PBXBuildFile; fileRef = 2861206321F0F3B9000A7F91 /* ChatLogController.swift */; };
		2861206621F0F5FB000A7F91 /* NewMessageController.swift in Sources */ = {isa = PBXBuildFile; fileRef = 2861206521F0F5FB000A7F91 /* NewMessageController.swift */; };
		2861206821F0F62D000A7F91 /* SettingsTableViewController.swift in Sources */ = {isa = PBXBuildFile; fileRef = 2861206721F0F62D000A7F91 /* SettingsTableViewController.swift */; };
		2861206A21F0F675000A7F91 /* User.swift in Sources */ = {isa = PBXBuildFile; fileRef = 2861206921F0F675000A7F91 /* User.swift */; };
		2861206C21F0F680000A7F91 /* Message.swift in Sources */ = {isa = PBXBuildFile; fileRef = 2861206B21F0F680000A7F91 /* Message.swift */; };
		2861206E21F0F6B4000A7F91 /* SettingsCell.swift in Sources */ = {isa = PBXBuildFile; fileRef = 2861206D21F0F6B4000A7F91 /* SettingsCell.swift */; };
		2861207021F0F6F4000A7F91 /* UserCell.swift in Sources */ = {isa = PBXBuildFile; fileRef = 2861206F21F0F6F4000A7F91 /* UserCell.swift */; };
		2861207221F0F714000A7F91 /* ChatMessageCell.swift in Sources */ = {isa = PBXBuildFile; fileRef = 2861207121F0F714000A7F91 /* ChatMessageCell.swift */; };
		2861207421F0F992000A7F91 /* Extension.swift in Sources */ = {isa = PBXBuildFile; fileRef = 2861207321F0F992000A7F91 /* Extension.swift */; };
		2861207621F0FB2E000A7F91 /* LoginViewController.swift in Sources */ = {isa = PBXBuildFile; fileRef = 2861207521F0FB2E000A7F91 /* LoginViewController.swift */; };
		2861207A21F0FE00000A7F91 /* LoginController.swift in Sources */ = {isa = PBXBuildFile; fileRef = 2861207921F0FE00000A7F91 /* LoginController.swift */; };
		2861207C21F0FE36000A7F91 /* LoginViewModel.swift in Sources */ = {isa = PBXBuildFile; fileRef = 2861207B21F0FE36000A7F91 /* LoginViewModel.swift */; };
		2861207E21F0FE73000A7F91 /* RegistrationViewModel.swift in Sources */ = {isa = PBXBuildFile; fileRef = 2861207D21F0FE73000A7F91 /* RegistrationViewModel.swift */; };
		2861208021F0FEDE000A7F91 /* EnterInformationController.swift in Sources */ = {isa = PBXBuildFile; fileRef = 2861207F21F0FEDE000A7F91 /* EnterInformationController.swift */; };
		2861208221F0FF7E000A7F91 /* CustomTextField.swift in Sources */ = {isa = PBXBuildFile; fileRef = 2861208121F0FF7E000A7F91 /* CustomTextField.swift */; };
		2861208421F10096000A7F91 /* Bindable.swift in Sources */ = {isa = PBXBuildFile; fileRef = 2861208321F10096000A7F91 /* Bindable.swift */; };
		2861208621F10236000A7F91 /* Logo.png in Resources */ = {isa = PBXBuildFile; fileRef = 2861208521F10236000A7F91 /* Logo.png */; };
		2861209021F10D82000A7F91 /* GoogleService-Info.plist in Resources */ = {isa = PBXBuildFile; fileRef = 2861208F21F10D82000A7F91 /* GoogleService-Info.plist */; };
		2861209821F114AC000A7F91 /* MessagesIconCrusht.png in Resources */ = {isa = PBXBuildFile; fileRef = 2861209721F114AC000A7F91 /* MessagesIconCrusht.png */; };
		2861209A21F114B4000A7F91 /* SettingsBetter.png in Resources */ = {isa = PBXBuildFile; fileRef = 2861209921F114B3000A7F91 /* SettingsBetter.png */; };
		2861209C21F17165000A7F91 /* upload_image_icon.png in Resources */ = {isa = PBXBuildFile; fileRef = 2861209B21F17165000A7F91 /* upload_image_icon.png */; };
		2C4842A76BE6AD3AFF73F72D /* Pods_ChatApp.framework in Frameworks */ = {isa = PBXBuildFile; fileRef = 26A70D3473CDCC10EF426FE6 /* Pods_ChatApp.framework */; };
		427D82A47DF92892F37EFC2C /* Pods_ChatAppUITests.framework in Frameworks */ = {isa = PBXBuildFile; fileRef = 81BFA3A03B47813CBED50409 /* Pods_ChatAppUITests.framework */; };
		D2D5D39D064EB1EC02D1588A /* Pods_ChatAppTests.framework in Frameworks */ = {isa = PBXBuildFile; fileRef = A3A7302177DE4B82DFF15FEB /* Pods_ChatAppTests.framework */; };
/* End PBXBuildFile section */

/* Begin PBXContainerItemProxy section */
		2861204521F0F310000A7F91 /* PBXContainerItemProxy */ = {
			isa = PBXContainerItemProxy;
			containerPortal = 2861202821F0F30D000A7F91 /* Project object */;
			proxyType = 1;
			remoteGlobalIDString = 2861202F21F0F30D000A7F91;
			remoteInfo = ChatApp;
		};
		2861205021F0F310000A7F91 /* PBXContainerItemProxy */ = {
			isa = PBXContainerItemProxy;
			containerPortal = 2861202821F0F30D000A7F91 /* Project object */;
			proxyType = 1;
			remoteGlobalIDString = 2861202F21F0F30D000A7F91;
			remoteInfo = ChatApp;
		};
/* End PBXContainerItemProxy section */

/* Begin PBXFileReference section */
		11FDABE7CEB4A7B6CF55BC98 /* Pods-ChatAppTests.release.xcconfig */ = {isa = PBXFileReference; includeInIndex = 1; lastKnownFileType = text.xcconfig; name = "Pods-ChatAppTests.release.xcconfig"; path = "Pods/Target Support Files/Pods-ChatAppTests/Pods-ChatAppTests.release.xcconfig"; sourceTree = "<group>"; };
		26A70D3473CDCC10EF426FE6 /* Pods_ChatApp.framework */ = {isa = PBXFileReference; explicitFileType = wrapper.framework; includeInIndex = 0; path = Pods_ChatApp.framework; sourceTree = BUILT_PRODUCTS_DIR; };
		2861203021F0F30D000A7F91 /* ChatApp.app */ = {isa = PBXFileReference; explicitFileType = wrapper.application; includeInIndex = 0; path = ChatApp.app; sourceTree = BUILT_PRODUCTS_DIR; };
		2861203321F0F30D000A7F91 /* AppDelegate.swift */ = {isa = PBXFileReference; lastKnownFileType = sourcecode.swift; path = AppDelegate.swift; sourceTree = "<group>"; };
		2861203521F0F30D000A7F91 /* ViewController.swift */ = {isa = PBXFileReference; lastKnownFileType = sourcecode.swift; path = ViewController.swift; sourceTree = "<group>"; };
		2861203821F0F30D000A7F91 /* Base */ = {isa = PBXFileReference; lastKnownFileType = file.storyboard; name = Base; path = Base.lproj/Main.storyboard; sourceTree = "<group>"; };
		2861203A21F0F30F000A7F91 /* Assets.xcassets */ = {isa = PBXFileReference; lastKnownFileType = folder.assetcatalog; path = Assets.xcassets; sourceTree = "<group>"; };
		2861203D21F0F30F000A7F91 /* Base */ = {isa = PBXFileReference; lastKnownFileType = file.storyboard; name = Base; path = Base.lproj/LaunchScreen.storyboard; sourceTree = "<group>"; };
		2861203F21F0F30F000A7F91 /* Info.plist */ = {isa = PBXFileReference; lastKnownFileType = text.plist.xml; path = Info.plist; sourceTree = "<group>"; };
		2861204421F0F310000A7F91 /* ChatAppTests.xctest */ = {isa = PBXFileReference; explicitFileType = wrapper.cfbundle; includeInIndex = 0; path = ChatAppTests.xctest; sourceTree = BUILT_PRODUCTS_DIR; };
		2861204821F0F310000A7F91 /* ChatAppTests.swift */ = {isa = PBXFileReference; lastKnownFileType = sourcecode.swift; path = ChatAppTests.swift; sourceTree = "<group>"; };
		2861204A21F0F310000A7F91 /* Info.plist */ = {isa = PBXFileReference; lastKnownFileType = text.plist.xml; path = Info.plist; sourceTree = "<group>"; };
		2861204F21F0F310000A7F91 /* ChatAppUITests.xctest */ = {isa = PBXFileReference; explicitFileType = wrapper.cfbundle; includeInIndex = 0; path = ChatAppUITests.xctest; sourceTree = BUILT_PRODUCTS_DIR; };
		2861205321F0F310000A7F91 /* ChatAppUITests.swift */ = {isa = PBXFileReference; lastKnownFileType = sourcecode.swift; path = ChatAppUITests.swift; sourceTree = "<group>"; };
		2861205521F0F310000A7F91 /* Info.plist */ = {isa = PBXFileReference; lastKnownFileType = text.plist.xml; path = Info.plist; sourceTree = "<group>"; };
		2861206121F0F373000A7F91 /* MessageController.swift */ = {isa = PBXFileReference; lastKnownFileType = sourcecode.swift; path = MessageController.swift; sourceTree = "<group>"; };
		2861206321F0F3B9000A7F91 /* ChatLogController.swift */ = {isa = PBXFileReference; lastKnownFileType = sourcecode.swift; path = ChatLogController.swift; sourceTree = "<group>"; };
		2861206521F0F5FB000A7F91 /* NewMessageController.swift */ = {isa = PBXFileReference; lastKnownFileType = sourcecode.swift; path = NewMessageController.swift; sourceTree = "<group>"; };
		2861206721F0F62D000A7F91 /* SettingsTableViewController.swift */ = {isa = PBXFileReference; lastKnownFileType = sourcecode.swift; path = SettingsTableViewController.swift; sourceTree = "<group>"; };
		2861206921F0F675000A7F91 /* User.swift */ = {isa = PBXFileReference; lastKnownFileType = sourcecode.swift; path = User.swift; sourceTree = "<group>"; };
		2861206B21F0F680000A7F91 /* Message.swift */ = {isa = PBXFileReference; lastKnownFileType = sourcecode.swift; path = Message.swift; sourceTree = "<group>"; };
		2861206D21F0F6B4000A7F91 /* SettingsCell.swift */ = {isa = PBXFileReference; lastKnownFileType = sourcecode.swift; path = SettingsCell.swift; sourceTree = "<group>"; };
		2861206F21F0F6F4000A7F91 /* UserCell.swift */ = {isa = PBXFileReference; lastKnownFileType = sourcecode.swift; path = UserCell.swift; sourceTree = "<group>"; };
		2861207121F0F714000A7F91 /* ChatMessageCell.swift */ = {isa = PBXFileReference; lastKnownFileType = sourcecode.swift; path = ChatMessageCell.swift; sourceTree = "<group>"; };
		2861207321F0F992000A7F91 /* Extension.swift */ = {isa = PBXFileReference; lastKnownFileType = sourcecode.swift; path = Extension.swift; sourceTree = "<group>"; };
		2861207521F0FB2E000A7F91 /* LoginViewController.swift */ = {isa = PBXFileReference; lastKnownFileType = sourcecode.swift; path = LoginViewController.swift; sourceTree = "<group>"; };
		2861207921F0FE00000A7F91 /* LoginController.swift */ = {isa = PBXFileReference; lastKnownFileType = sourcecode.swift; path = LoginController.swift; sourceTree = "<group>"; };
		2861207B21F0FE36000A7F91 /* LoginViewModel.swift */ = {isa = PBXFileReference; lastKnownFileType = sourcecode.swift; path = LoginViewModel.swift; sourceTree = "<group>"; };
		2861207D21F0FE73000A7F91 /* RegistrationViewModel.swift */ = {isa = PBXFileReference; lastKnownFileType = sourcecode.swift; path = RegistrationViewModel.swift; sourceTree = "<group>"; };
		2861207F21F0FEDE000A7F91 /* EnterInformationController.swift */ = {isa = PBXFileReference; lastKnownFileType = sourcecode.swift; path = EnterInformationController.swift; sourceTree = "<group>"; };
		2861208121F0FF7E000A7F91 /* CustomTextField.swift */ = {isa = PBXFileReference; lastKnownFileType = sourcecode.swift; path = CustomTextField.swift; sourceTree = "<group>"; };
		2861208321F10096000A7F91 /* Bindable.swift */ = {isa = PBXFileReference; lastKnownFileType = sourcecode.swift; path = Bindable.swift; sourceTree = "<group>"; };
		2861208521F10236000A7F91 /* Logo.png */ = {isa = PBXFileReference; lastKnownFileType = image.png; path = Logo.png; sourceTree = "<group>"; };
		2861208F21F10D82000A7F91 /* GoogleService-Info.plist */ = {isa = PBXFileReference; fileEncoding = 4; lastKnownFileType = text.plist.xml; path = "GoogleService-Info.plist"; sourceTree = "<group>"; };
		2861209721F114AC000A7F91 /* MessagesIconCrusht.png */ = {isa = PBXFileReference; lastKnownFileType = image.png; path = MessagesIconCrusht.png; sourceTree = "<group>"; };
		2861209921F114B3000A7F91 /* SettingsBetter.png */ = {isa = PBXFileReference; lastKnownFileType = image.png; path = SettingsBetter.png; sourceTree = "<group>"; };
		2861209B21F17165000A7F91 /* upload_image_icon.png */ = {isa = PBXFileReference; lastKnownFileType = image.png; path = upload_image_icon.png; sourceTree = "<group>"; };
		2861209D21F17D38000A7F91 /* ChatApp.entitlements */ = {isa = PBXFileReference; lastKnownFileType = text.plist.entitlements; path = ChatApp.entitlements; sourceTree = "<group>"; };
		441D549E758F20ADDB4DB7CD /* Pods-ChatApp.release.xcconfig */ = {isa = PBXFileReference; includeInIndex = 1; lastKnownFileType = text.xcconfig; name = "Pods-ChatApp.release.xcconfig"; path = "Pods/Target Support Files/Pods-ChatApp/Pods-ChatApp.release.xcconfig"; sourceTree = "<group>"; };
		57076B620E11CA40B0BD844D /* Pods-ChatAppTests.debug.xcconfig */ = {isa = PBXFileReference; includeInIndex = 1; lastKnownFileType = text.xcconfig; name = "Pods-ChatAppTests.debug.xcconfig"; path = "Pods/Target Support Files/Pods-ChatAppTests/Pods-ChatAppTests.debug.xcconfig"; sourceTree = "<group>"; };
		706F5466A76394BA9D854C09 /* Pods-ChatApp.debug.xcconfig */ = {isa = PBXFileReference; includeInIndex = 1; lastKnownFileType = text.xcconfig; name = "Pods-ChatApp.debug.xcconfig"; path = "Pods/Target Support Files/Pods-ChatApp/Pods-ChatApp.debug.xcconfig"; sourceTree = "<group>"; };
		81BFA3A03B47813CBED50409 /* Pods_ChatAppUITests.framework */ = {isa = PBXFileReference; explicitFileType = wrapper.framework; includeInIndex = 0; path = Pods_ChatAppUITests.framework; sourceTree = BUILT_PRODUCTS_DIR; };
		8C7D1F332C121E11C776FC6E /* Pods-ChatAppUITests.debug.xcconfig */ = {isa = PBXFileReference; includeInIndex = 1; lastKnownFileType = text.xcconfig; name = "Pods-ChatAppUITests.debug.xcconfig"; path = "Pods/Target Support Files/Pods-ChatAppUITests/Pods-ChatAppUITests.debug.xcconfig"; sourceTree = "<group>"; };
		A3A7302177DE4B82DFF15FEB /* Pods_ChatAppTests.framework */ = {isa = PBXFileReference; explicitFileType = wrapper.framework; includeInIndex = 0; path = Pods_ChatAppTests.framework; sourceTree = BUILT_PRODUCTS_DIR; };
		D2A0115D68EA03D5208E7BA6 /* Pods-ChatAppUITests.release.xcconfig */ = {isa = PBXFileReference; includeInIndex = 1; lastKnownFileType = text.xcconfig; name = "Pods-ChatAppUITests.release.xcconfig"; path = "Pods/Target Support Files/Pods-ChatAppUITests/Pods-ChatAppUITests.release.xcconfig"; sourceTree = "<group>"; };
/* End PBXFileReference section */

/* Begin PBXFrameworksBuildPhase section */
		2861202D21F0F30D000A7F91 /* Frameworks */ = {
			isa = PBXFrameworksBuildPhase;
			buildActionMask = 2147483647;
			files = (
				2C4842A76BE6AD3AFF73F72D /* Pods_ChatApp.framework in Frameworks */,
			);
			runOnlyForDeploymentPostprocessing = 0;
		};
		2861204121F0F310000A7F91 /* Frameworks */ = {
			isa = PBXFrameworksBuildPhase;
			buildActionMask = 2147483647;
			files = (
				D2D5D39D064EB1EC02D1588A /* Pods_ChatAppTests.framework in Frameworks */,
			);
			runOnlyForDeploymentPostprocessing = 0;
		};
		2861204C21F0F310000A7F91 /* Frameworks */ = {
			isa = PBXFrameworksBuildPhase;
			buildActionMask = 2147483647;
			files = (
				427D82A47DF92892F37EFC2C /* Pods_ChatAppUITests.framework in Frameworks */,
			);
			runOnlyForDeploymentPostprocessing = 0;
		};
/* End PBXFrameworksBuildPhase section */

/* Begin PBXGroup section */
		2861202721F0F30D000A7F91 = {
			isa = PBXGroup;
			children = (
				2861203221F0F30D000A7F91 /* ChatApp */,
				2861204721F0F310000A7F91 /* ChatAppTests */,
				2861205221F0F310000A7F91 /* ChatAppUITests */,
				2861203121F0F30D000A7F91 /* Products */,
				75DC1B997366F8FFE965688A /* Pods */,
				B3971C9568616EBCE07DF246 /* Frameworks */,
			);
			sourceTree = "<group>";
		};
		2861203121F0F30D000A7F91 /* Products */ = {
			isa = PBXGroup;
			children = (
				2861203021F0F30D000A7F91 /* ChatApp.app */,
				2861204421F0F310000A7F91 /* ChatAppTests.xctest */,
				2861204F21F0F310000A7F91 /* ChatAppUITests.xctest */,
			);
			name = Products;
			sourceTree = "<group>";
		};
		2861203221F0F30D000A7F91 /* ChatApp */ = {
			isa = PBXGroup;
			children = (
				286120A121F18938000A7F91 /* ViewModels */,
				286120A021F188C9000A7F91 /* Controllers */,
				2861209F21F188BF000A7F91 /* Models */,
				2861209E21F188AF000A7F91 /* Views */,
				2861209D21F17D38000A7F91 /* ChatApp.entitlements */,
				2861203321F0F30D000A7F91 /* AppDelegate.swift */,
				2861203521F0F30D000A7F91 /* ViewController.swift */,
				2861203721F0F30D000A7F91 /* Main.storyboard */,
				2861203A21F0F30F000A7F91 /* Assets.xcassets */,
				2861203C21F0F30F000A7F91 /* LaunchScreen.storyboard */,
				2861203F21F0F30F000A7F91 /* Info.plist */,
				2861208F21F10D82000A7F91 /* GoogleService-Info.plist */,
				2861207321F0F992000A7F91 /* Extension.swift */,
				2861208121F0FF7E000A7F91 /* CustomTextField.swift */,
				2861208321F10096000A7F91 /* Bindable.swift */,
				2861209921F114B3000A7F91 /* SettingsBetter.png */,
				2861209721F114AC000A7F91 /* MessagesIconCrusht.png */,
				2861209B21F17165000A7F91 /* upload_image_icon.png */,
				2861208521F10236000A7F91 /* Logo.png */,
			);
			path = ChatApp;
			sourceTree = "<group>";
		};
		2861204721F0F310000A7F91 /* ChatAppTests */ = {
			isa = PBXGroup;
			children = (
				2861204821F0F310000A7F91 /* ChatAppTests.swift */,
				2861204A21F0F310000A7F91 /* Info.plist */,
			);
			path = ChatAppTests;
			sourceTree = "<group>";
		};
		2861205221F0F310000A7F91 /* ChatAppUITests */ = {
			isa = PBXGroup;
			children = (
				2861205321F0F310000A7F91 /* ChatAppUITests.swift */,
				2861205521F0F310000A7F91 /* Info.plist */,
			);
			path = ChatAppUITests;
			sourceTree = "<group>";
		};
		2861209E21F188AF000A7F91 /* Views */ = {
			isa = PBXGroup;
			children = (
				2861206D21F0F6B4000A7F91 /* SettingsCell.swift */,
				2861206F21F0F6F4000A7F91 /* UserCell.swift */,
				2861207121F0F714000A7F91 /* ChatMessageCell.swift */,
			);
			path = Views;
			sourceTree = "<group>";
		};
		2861209F21F188BF000A7F91 /* Models */ = {
			isa = PBXGroup;
			children = (
				2861206921F0F675000A7F91 /* User.swift */,
				2861206B21F0F680000A7F91 /* Message.swift */,
			);
			path = Models;
			sourceTree = "<group>";
		};
		286120A021F188C9000A7F91 /* Controllers */ = {
			isa = PBXGroup;
			children = (
				2861206321F0F3B9000A7F91 /* ChatLogController.swift */,
				2861206121F0F373000A7F91 /* MessageController.swift */,
				2861206721F0F62D000A7F91 /* SettingsTableViewController.swift */,
				2861206521F0F5FB000A7F91 /* NewMessageController.swift */,
				2861207521F0FB2E000A7F91 /* LoginViewController.swift */,
				2861207921F0FE00000A7F91 /* LoginController.swift */,
				2861207F21F0FEDE000A7F91 /* EnterInformationController.swift */,
			);
			path = Controllers;
			sourceTree = "<group>";
		};
		286120A121F18938000A7F91 /* ViewModels */ = {
			isa = PBXGroup;
			children = (
				2861207B21F0FE36000A7F91 /* LoginViewModel.swift */,
				2861207D21F0FE73000A7F91 /* RegistrationViewModel.swift */,
			);
			path = ViewModels;
			sourceTree = "<group>";
		};
		75DC1B997366F8FFE965688A /* Pods */ = {
			isa = PBXGroup;
			children = (
				706F5466A76394BA9D854C09 /* Pods-ChatApp.debug.xcconfig */,
				441D549E758F20ADDB4DB7CD /* Pods-ChatApp.release.xcconfig */,
				57076B620E11CA40B0BD844D /* Pods-ChatAppTests.debug.xcconfig */,
				11FDABE7CEB4A7B6CF55BC98 /* Pods-ChatAppTests.release.xcconfig */,
				8C7D1F332C121E11C776FC6E /* Pods-ChatAppUITests.debug.xcconfig */,
				D2A0115D68EA03D5208E7BA6 /* Pods-ChatAppUITests.release.xcconfig */,
			);
			name = Pods;
			sourceTree = "<group>";
		};
		B3971C9568616EBCE07DF246 /* Frameworks */ = {
			isa = PBXGroup;
			children = (
				26A70D3473CDCC10EF426FE6 /* Pods_ChatApp.framework */,
				A3A7302177DE4B82DFF15FEB /* Pods_ChatAppTests.framework */,
				81BFA3A03B47813CBED50409 /* Pods_ChatAppUITests.framework */,
			);
			name = Frameworks;
			sourceTree = "<group>";
		};
/* End PBXGroup section */

/* Begin PBXNativeTarget section */
		2861202F21F0F30D000A7F91 /* ChatApp */ = {
			isa = PBXNativeTarget;
			buildConfigurationList = 2861205821F0F310000A7F91 /* Build configuration list for PBXNativeTarget "ChatApp" */;
			buildPhases = (
				6C8AD00BB354E2C4F4AD9551 /* [CP] Check Pods Manifest.lock */,
				2861202C21F0F30D000A7F91 /* Sources */,
				2861202D21F0F30D000A7F91 /* Frameworks */,
				2861202E21F0F30D000A7F91 /* Resources */,
				18817E34D48662883F55C068 /* [CP] Embed Pods Frameworks */,
			);
			buildRules = (
			);
			dependencies = (
			);
			name = ChatApp;
			productName = ChatApp;
			productReference = 2861203021F0F30D000A7F91 /* ChatApp.app */;
			productType = "com.apple.product-type.application";
		};
		2861204321F0F310000A7F91 /* ChatAppTests */ = {
			isa = PBXNativeTarget;
			buildConfigurationList = 2861205B21F0F310000A7F91 /* Build configuration list for PBXNativeTarget "ChatAppTests" */;
			buildPhases = (
				B63BA774C4A886FBFC0FD62B /* [CP] Check Pods Manifest.lock */,
				2861204021F0F310000A7F91 /* Sources */,
				2861204121F0F310000A7F91 /* Frameworks */,
				2861204221F0F310000A7F91 /* Resources */,
			);
			buildRules = (
			);
			dependencies = (
				2861204621F0F310000A7F91 /* PBXTargetDependency */,
			);
			name = ChatAppTests;
			productName = ChatAppTests;
			productReference = 2861204421F0F310000A7F91 /* ChatAppTests.xctest */;
			productType = "com.apple.product-type.bundle.unit-test";
		};
		2861204E21F0F310000A7F91 /* ChatAppUITests */ = {
			isa = PBXNativeTarget;
			buildConfigurationList = 2861205E21F0F310000A7F91 /* Build configuration list for PBXNativeTarget "ChatAppUITests" */;
			buildPhases = (
				877EAB7D57029BA5F4F4C624 /* [CP] Check Pods Manifest.lock */,
				2861204B21F0F310000A7F91 /* Sources */,
				2861204C21F0F310000A7F91 /* Frameworks */,
				2861204D21F0F310000A7F91 /* Resources */,
			);
			buildRules = (
			);
			dependencies = (
				2861205121F0F310000A7F91 /* PBXTargetDependency */,
			);
			name = ChatAppUITests;
			productName = ChatAppUITests;
			productReference = 2861204F21F0F310000A7F91 /* ChatAppUITests.xctest */;
			productType = "com.apple.product-type.bundle.ui-testing";
		};
/* End PBXNativeTarget section */

/* Begin PBXProject section */
		2861202821F0F30D000A7F91 /* Project object */ = {
			isa = PBXProject;
			attributes = {
				LastSwiftUpdateCheck = 1010;
				LastUpgradeCheck = 1010;
				ORGANIZATIONNAME = "William Kelly";
				TargetAttributes = {
					2861202F21F0F30D000A7F91 = {
						CreatedOnToolsVersion = 10.1;
						SystemCapabilities = {
							com.apple.Keychain = {
								enabled = 1;
							};
							com.apple.Push = {
								enabled = 1;
							};
						};
					};
					2861204321F0F310000A7F91 = {
						CreatedOnToolsVersion = 10.1;
						TestTargetID = 2861202F21F0F30D000A7F91;
					};
					2861204E21F0F310000A7F91 = {
						CreatedOnToolsVersion = 10.1;
						TestTargetID = 2861202F21F0F30D000A7F91;
					};
				};
			};
			buildConfigurationList = 2861202B21F0F30D000A7F91 /* Build configuration list for PBXProject "ChatApp" */;
			compatibilityVersion = "Xcode 9.3";
			developmentRegion = en;
			hasScannedForEncodings = 0;
			knownRegions = (
				en,
				Base,
			);
			mainGroup = 2861202721F0F30D000A7F91;
			productRefGroup = 2861203121F0F30D000A7F91 /* Products */;
			projectDirPath = "";
			projectRoot = "";
			targets = (
				2861202F21F0F30D000A7F91 /* ChatApp */,
				2861204321F0F310000A7F91 /* ChatAppTests */,
				2861204E21F0F310000A7F91 /* ChatAppUITests */,
			);
		};
/* End PBXProject section */

/* Begin PBXResourcesBuildPhase section */
		2861202E21F0F30D000A7F91 /* Resources */ = {
			isa = PBXResourcesBuildPhase;
			buildActionMask = 2147483647;
			files = (
				2861208621F10236000A7F91 /* Logo.png in Resources */,
				2861203E21F0F30F000A7F91 /* LaunchScreen.storyboard in Resources */,
				2861203B21F0F30F000A7F91 /* Assets.xcassets in Resources */,
				2861209821F114AC000A7F91 /* MessagesIconCrusht.png in Resources */,
				2861209C21F17165000A7F91 /* upload_image_icon.png in Resources */,
				2861203921F0F30D000A7F91 /* Main.storyboard in Resources */,
				2861209A21F114B4000A7F91 /* SettingsBetter.png in Resources */,
				2861209021F10D82000A7F91 /* GoogleService-Info.plist in Resources */,
			);
			runOnlyForDeploymentPostprocessing = 0;
		};
		2861204221F0F310000A7F91 /* Resources */ = {
			isa = PBXResourcesBuildPhase;
			buildActionMask = 2147483647;
			files = (
			);
			runOnlyForDeploymentPostprocessing = 0;
		};
		2861204D21F0F310000A7F91 /* Resources */ = {
			isa = PBXResourcesBuildPhase;
			buildActionMask = 2147483647;
			files = (
			);
			runOnlyForDeploymentPostprocessing = 0;
		};
/* End PBXResourcesBuildPhase section */

/* Begin PBXShellScriptBuildPhase section */
		18817E34D48662883F55C068 /* [CP] Embed Pods Frameworks */ = {
			isa = PBXShellScriptBuildPhase;
			buildActionMask = 2147483647;
			files = (
			);
			inputFileListPaths = (
			);
			inputPaths = (
				"${SRCROOT}/Pods/Target Support Files/Pods-ChatApp/Pods-ChatApp-frameworks.sh",
				"${BUILT_PRODUCTS_DIR}/Bolts/Bolts.framework",
				"${BUILT_PRODUCTS_DIR}/BoringSSL-GRPC/openssl_grpc.framework",
				"${BUILT_PRODUCTS_DIR}/FBSDKCoreKit/FBSDKCoreKit.framework",
				"${BUILT_PRODUCTS_DIR}/FBSDKLoginKit/FBSDKLoginKit.framework",
				"${BUILT_PRODUCTS_DIR}/FacebookCore/FacebookCore.framework",
				"${BUILT_PRODUCTS_DIR}/FacebookLogin/FacebookLogin.framework",
				"${BUILT_PRODUCTS_DIR}/GTMSessionFetcher/GTMSessionFetcher.framework",
				"${BUILT_PRODUCTS_DIR}/GoogleUtilities/GoogleUtilities.framework",
				"${BUILT_PRODUCTS_DIR}/JGProgressHUD/JGProgressHUD.framework",
				"${BUILT_PRODUCTS_DIR}/Protobuf/Protobuf.framework",
				"${BUILT_PRODUCTS_DIR}/SDWebImage/SDWebImage.framework",
				"${BUILT_PRODUCTS_DIR}/gRPC-C++/grpcpp.framework",
				"${BUILT_PRODUCTS_DIR}/gRPC-Core/grpc.framework",
				"${BUILT_PRODUCTS_DIR}/leveldb-library/leveldb.framework",
				"${BUILT_PRODUCTS_DIR}/nanopb/nanopb.framework",
			);
			name = "[CP] Embed Pods Frameworks";
			outputFileListPaths = (
			);
			outputPaths = (
				"${TARGET_BUILD_DIR}/${FRAMEWORKS_FOLDER_PATH}/Bolts.framework",
				"${TARGET_BUILD_DIR}/${FRAMEWORKS_FOLDER_PATH}/openssl_grpc.framework",
				"${TARGET_BUILD_DIR}/${FRAMEWORKS_FOLDER_PATH}/FBSDKCoreKit.framework",
				"${TARGET_BUILD_DIR}/${FRAMEWORKS_FOLDER_PATH}/FBSDKLoginKit.framework",
				"${TARGET_BUILD_DIR}/${FRAMEWORKS_FOLDER_PATH}/FacebookCore.framework",
				"${TARGET_BUILD_DIR}/${FRAMEWORKS_FOLDER_PATH}/FacebookLogin.framework",
				"${TARGET_BUILD_DIR}/${FRAMEWORKS_FOLDER_PATH}/GTMSessionFetcher.framework",
				"${TARGET_BUILD_DIR}/${FRAMEWORKS_FOLDER_PATH}/GoogleUtilities.framework",
				"${TARGET_BUILD_DIR}/${FRAMEWORKS_FOLDER_PATH}/JGProgressHUD.framework",
				"${TARGET_BUILD_DIR}/${FRAMEWORKS_FOLDER_PATH}/Protobuf.framework",
				"${TARGET_BUILD_DIR}/${FRAMEWORKS_FOLDER_PATH}/SDWebImage.framework",
				"${TARGET_BUILD_DIR}/${FRAMEWORKS_FOLDER_PATH}/grpcpp.framework",
				"${TARGET_BUILD_DIR}/${FRAMEWORKS_FOLDER_PATH}/grpc.framework",
				"${TARGET_BUILD_DIR}/${FRAMEWORKS_FOLDER_PATH}/leveldb.framework",
				"${TARGET_BUILD_DIR}/${FRAMEWORKS_FOLDER_PATH}/nanopb.framework",
			);
			runOnlyForDeploymentPostprocessing = 0;
			shellPath = /bin/sh;
			shellScript = "\"${SRCROOT}/Pods/Target Support Files/Pods-ChatApp/Pods-ChatApp-frameworks.sh\"\n";
			showEnvVarsInLog = 0;
		};
		6C8AD00BB354E2C4F4AD9551 /* [CP] Check Pods Manifest.lock */ = {
			isa = PBXShellScriptBuildPhase;
			buildActionMask = 2147483647;
			files = (
			);
			inputFileListPaths = (
			);
			inputPaths = (
				"${PODS_PODFILE_DIR_PATH}/Podfile.lock",
				"${PODS_ROOT}/Manifest.lock",
			);
			name = "[CP] Check Pods Manifest.lock";
			outputFileListPaths = (
			);
			outputPaths = (
				"$(DERIVED_FILE_DIR)/Pods-ChatApp-checkManifestLockResult.txt",
			);
			runOnlyForDeploymentPostprocessing = 0;
			shellPath = /bin/sh;
			shellScript = "diff \"${PODS_PODFILE_DIR_PATH}/Podfile.lock\" \"${PODS_ROOT}/Manifest.lock\" > /dev/null\nif [ $? != 0 ] ; then\n    # print error to STDERR\n    echo \"error: The sandbox is not in sync with the Podfile.lock. Run 'pod install' or update your CocoaPods installation.\" >&2\n    exit 1\nfi\n# This output is used by Xcode 'outputs' to avoid re-running this script phase.\necho \"SUCCESS\" > \"${SCRIPT_OUTPUT_FILE_0}\"\n";
			showEnvVarsInLog = 0;
		};
		877EAB7D57029BA5F4F4C624 /* [CP] Check Pods Manifest.lock */ = {
			isa = PBXShellScriptBuildPhase;
			buildActionMask = 2147483647;
			files = (
			);
			inputFileListPaths = (
			);
			inputPaths = (
				"${PODS_PODFILE_DIR_PATH}/Podfile.lock",
				"${PODS_ROOT}/Manifest.lock",
			);
			name = "[CP] Check Pods Manifest.lock";
			outputFileListPaths = (
			);
			outputPaths = (
				"$(DERIVED_FILE_DIR)/Pods-ChatAppUITests-checkManifestLockResult.txt",
			);
			runOnlyForDeploymentPostprocessing = 0;
			shellPath = /bin/sh;
			shellScript = "diff \"${PODS_PODFILE_DIR_PATH}/Podfile.lock\" \"${PODS_ROOT}/Manifest.lock\" > /dev/null\nif [ $? != 0 ] ; then\n    # print error to STDERR\n    echo \"error: The sandbox is not in sync with the Podfile.lock. Run 'pod install' or update your CocoaPods installation.\" >&2\n    exit 1\nfi\n# This output is used by Xcode 'outputs' to avoid re-running this script phase.\necho \"SUCCESS\" > \"${SCRIPT_OUTPUT_FILE_0}\"\n";
			showEnvVarsInLog = 0;
		};
		B63BA774C4A886FBFC0FD62B /* [CP] Check Pods Manifest.lock */ = {
			isa = PBXShellScriptBuildPhase;
			buildActionMask = 2147483647;
			files = (
			);
			inputFileListPaths = (
			);
			inputPaths = (
				"${PODS_PODFILE_DIR_PATH}/Podfile.lock",
				"${PODS_ROOT}/Manifest.lock",
			);
			name = "[CP] Check Pods Manifest.lock";
			outputFileListPaths = (
			);
			outputPaths = (
				"$(DERIVED_FILE_DIR)/Pods-ChatAppTests-checkManifestLockResult.txt",
			);
			runOnlyForDeploymentPostprocessing = 0;
			shellPath = /bin/sh;
			shellScript = "diff \"${PODS_PODFILE_DIR_PATH}/Podfile.lock\" \"${PODS_ROOT}/Manifest.lock\" > /dev/null\nif [ $? != 0 ] ; then\n    # print error to STDERR\n    echo \"error: The sandbox is not in sync with the Podfile.lock. Run 'pod install' or update your CocoaPods installation.\" >&2\n    exit 1\nfi\n# This output is used by Xcode 'outputs' to avoid re-running this script phase.\necho \"SUCCESS\" > \"${SCRIPT_OUTPUT_FILE_0}\"\n";
			showEnvVarsInLog = 0;
		};
/* End PBXShellScriptBuildPhase section */

/* Begin PBXSourcesBuildPhase section */
		2861202C21F0F30D000A7F91 /* Sources */ = {
			isa = PBXSourcesBuildPhase;
			buildActionMask = 2147483647;
			files = (
				2861208021F0FEDE000A7F91 /* EnterInformationController.swift in Sources */,
				2861206421F0F3B9000A7F91 /* ChatLogController.swift in Sources */,
				2861208421F10096000A7F91 /* Bindable.swift in Sources */,
				2861206621F0F5FB000A7F91 /* NewMessageController.swift in Sources */,
				2861206E21F0F6B4000A7F91 /* SettingsCell.swift in Sources */,
				2861207421F0F992000A7F91 /* Extension.swift in Sources */,
				2861206821F0F62D000A7F91 /* SettingsTableViewController.swift in Sources */,
				2861203621F0F30D000A7F91 /* ViewController.swift in Sources */,
				2861206221F0F373000A7F91 /* MessageController.swift in Sources */,
				2861208221F0FF7E000A7F91 /* CustomTextField.swift in Sources */,
				2861206C21F0F680000A7F91 /* Message.swift in Sources */,
				2861207C21F0FE36000A7F91 /* LoginViewModel.swift in Sources */,
				2861207221F0F714000A7F91 /* ChatMessageCell.swift in Sources */,
				2861203421F0F30D000A7F91 /* AppDelegate.swift in Sources */,
				2861207021F0F6F4000A7F91 /* UserCell.swift in Sources */,
				2861207621F0FB2E000A7F91 /* LoginViewController.swift in Sources */,
				2861207E21F0FE73000A7F91 /* RegistrationViewModel.swift in Sources */,
				2861206A21F0F675000A7F91 /* User.swift in Sources */,
				2861207A21F0FE00000A7F91 /* LoginController.swift in Sources */,
			);
			runOnlyForDeploymentPostprocessing = 0;
		};
		2861204021F0F310000A7F91 /* Sources */ = {
			isa = PBXSourcesBuildPhase;
			buildActionMask = 2147483647;
			files = (
				2861204921F0F310000A7F91 /* ChatAppTests.swift in Sources */,
			);
			runOnlyForDeploymentPostprocessing = 0;
		};
		2861204B21F0F310000A7F91 /* Sources */ = {
			isa = PBXSourcesBuildPhase;
			buildActionMask = 2147483647;
			files = (
				2861205421F0F310000A7F91 /* ChatAppUITests.swift in Sources */,
			);
			runOnlyForDeploymentPostprocessing = 0;
		};
/* End PBXSourcesBuildPhase section */

/* Begin PBXTargetDependency section */
		2861204621F0F310000A7F91 /* PBXTargetDependency */ = {
			isa = PBXTargetDependency;
			target = 2861202F21F0F30D000A7F91 /* ChatApp */;
			targetProxy = 2861204521F0F310000A7F91 /* PBXContainerItemProxy */;
		};
		2861205121F0F310000A7F91 /* PBXTargetDependency */ = {
			isa = PBXTargetDependency;
			target = 2861202F21F0F30D000A7F91 /* ChatApp */;
			targetProxy = 2861205021F0F310000A7F91 /* PBXContainerItemProxy */;
		};
/* End PBXTargetDependency section */

/* Begin PBXVariantGroup section */
		2861203721F0F30D000A7F91 /* Main.storyboard */ = {
			isa = PBXVariantGroup;
			children = (
				2861203821F0F30D000A7F91 /* Base */,
			);
			name = Main.storyboard;
			sourceTree = "<group>";
		};
		2861203C21F0F30F000A7F91 /* LaunchScreen.storyboard */ = {
			isa = PBXVariantGroup;
			children = (
				2861203D21F0F30F000A7F91 /* Base */,
			);
			name = LaunchScreen.storyboard;
			sourceTree = "<group>";
		};
/* End PBXVariantGroup section */

/* Begin XCBuildConfiguration section */
		2861205621F0F310000A7F91 /* Debug */ = {
			isa = XCBuildConfiguration;
			buildSettings = {
				ALWAYS_SEARCH_USER_PATHS = NO;
				CLANG_ANALYZER_NONNULL = YES;
				CLANG_ANALYZER_NUMBER_OBJECT_CONVERSION = YES_AGGRESSIVE;
				CLANG_CXX_LANGUAGE_STANDARD = "gnu++14";
				CLANG_CXX_LIBRARY = "libc++";
				CLANG_ENABLE_MODULES = YES;
				CLANG_ENABLE_OBJC_ARC = YES;
				CLANG_ENABLE_OBJC_WEAK = YES;
				CLANG_WARN_BLOCK_CAPTURE_AUTORELEASING = YES;
				CLANG_WARN_BOOL_CONVERSION = YES;
				CLANG_WARN_COMMA = YES;
				CLANG_WARN_CONSTANT_CONVERSION = YES;
				CLANG_WARN_DEPRECATED_OBJC_IMPLEMENTATIONS = YES;
				CLANG_WARN_DIRECT_OBJC_ISA_USAGE = YES_ERROR;
				CLANG_WARN_DOCUMENTATION_COMMENTS = YES;
				CLANG_WARN_EMPTY_BODY = YES;
				CLANG_WARN_ENUM_CONVERSION = YES;
				CLANG_WARN_INFINITE_RECURSION = YES;
				CLANG_WARN_INT_CONVERSION = YES;
				CLANG_WARN_NON_LITERAL_NULL_CONVERSION = YES;
				CLANG_WARN_OBJC_IMPLICIT_RETAIN_SELF = YES;
				CLANG_WARN_OBJC_LITERAL_CONVERSION = YES;
				CLANG_WARN_OBJC_ROOT_CLASS = YES_ERROR;
				CLANG_WARN_RANGE_LOOP_ANALYSIS = YES;
				CLANG_WARN_STRICT_PROTOTYPES = YES;
				CLANG_WARN_SUSPICIOUS_MOVE = YES;
				CLANG_WARN_UNGUARDED_AVAILABILITY = YES_AGGRESSIVE;
				CLANG_WARN_UNREACHABLE_CODE = YES;
				CLANG_WARN__DUPLICATE_METHOD_MATCH = YES;
				CODE_SIGN_IDENTITY = "iPhone Developer";
				COPY_PHASE_STRIP = NO;
				DEBUG_INFORMATION_FORMAT = dwarf;
				ENABLE_STRICT_OBJC_MSGSEND = YES;
				ENABLE_TESTABILITY = YES;
				GCC_C_LANGUAGE_STANDARD = gnu11;
				GCC_DYNAMIC_NO_PIC = NO;
				GCC_NO_COMMON_BLOCKS = YES;
				GCC_OPTIMIZATION_LEVEL = 0;
				GCC_PREPROCESSOR_DEFINITIONS = (
					"DEBUG=1",
					"$(inherited)",
				);
				GCC_WARN_64_TO_32_BIT_CONVERSION = YES;
				GCC_WARN_ABOUT_RETURN_TYPE = YES_ERROR;
				GCC_WARN_UNDECLARED_SELECTOR = YES;
				GCC_WARN_UNINITIALIZED_AUTOS = YES_AGGRESSIVE;
				GCC_WARN_UNUSED_FUNCTION = YES;
				GCC_WARN_UNUSED_VARIABLE = YES;
				IPHONEOS_DEPLOYMENT_TARGET = 12.1;
				MTL_ENABLE_DEBUG_INFO = INCLUDE_SOURCE;
				MTL_FAST_MATH = YES;
				ONLY_ACTIVE_ARCH = YES;
				SDKROOT = iphoneos;
				SWIFT_ACTIVE_COMPILATION_CONDITIONS = DEBUG;
				SWIFT_OPTIMIZATION_LEVEL = "-Onone";
			};
			name = Debug;
		};
		2861205721F0F310000A7F91 /* Release */ = {
			isa = XCBuildConfiguration;
			buildSettings = {
				ALWAYS_SEARCH_USER_PATHS = NO;
				CLANG_ANALYZER_NONNULL = YES;
				CLANG_ANALYZER_NUMBER_OBJECT_CONVERSION = YES_AGGRESSIVE;
				CLANG_CXX_LANGUAGE_STANDARD = "gnu++14";
				CLANG_CXX_LIBRARY = "libc++";
				CLANG_ENABLE_MODULES = YES;
				CLANG_ENABLE_OBJC_ARC = YES;
				CLANG_ENABLE_OBJC_WEAK = YES;
				CLANG_WARN_BLOCK_CAPTURE_AUTORELEASING = YES;
				CLANG_WARN_BOOL_CONVERSION = YES;
				CLANG_WARN_COMMA = YES;
				CLANG_WARN_CONSTANT_CONVERSION = YES;
				CLANG_WARN_DEPRECATED_OBJC_IMPLEMENTATIONS = YES;
				CLANG_WARN_DIRECT_OBJC_ISA_USAGE = YES_ERROR;
				CLANG_WARN_DOCUMENTATION_COMMENTS = YES;
				CLANG_WARN_EMPTY_BODY = YES;
				CLANG_WARN_ENUM_CONVERSION = YES;
				CLANG_WARN_INFINITE_RECURSION = YES;
				CLANG_WARN_INT_CONVERSION = YES;
				CLANG_WARN_NON_LITERAL_NULL_CONVERSION = YES;
				CLANG_WARN_OBJC_IMPLICIT_RETAIN_SELF = YES;
				CLANG_WARN_OBJC_LITERAL_CONVERSION = YES;
				CLANG_WARN_OBJC_ROOT_CLASS = YES_ERROR;
				CLANG_WARN_RANGE_LOOP_ANALYSIS = YES;
				CLANG_WARN_STRICT_PROTOTYPES = YES;
				CLANG_WARN_SUSPICIOUS_MOVE = YES;
				CLANG_WARN_UNGUARDED_AVAILABILITY = YES_AGGRESSIVE;
				CLANG_WARN_UNREACHABLE_CODE = YES;
				CLANG_WARN__DUPLICATE_METHOD_MATCH = YES;
				CODE_SIGN_IDENTITY = "iPhone Developer";
				COPY_PHASE_STRIP = NO;
				DEBUG_INFORMATION_FORMAT = "dwarf-with-dsym";
				ENABLE_NS_ASSERTIONS = NO;
				ENABLE_STRICT_OBJC_MSGSEND = YES;
				GCC_C_LANGUAGE_STANDARD = gnu11;
				GCC_NO_COMMON_BLOCKS = YES;
				GCC_WARN_64_TO_32_BIT_CONVERSION = YES;
				GCC_WARN_ABOUT_RETURN_TYPE = YES_ERROR;
				GCC_WARN_UNDECLARED_SELECTOR = YES;
				GCC_WARN_UNINITIALIZED_AUTOS = YES_AGGRESSIVE;
				GCC_WARN_UNUSED_FUNCTION = YES;
				GCC_WARN_UNUSED_VARIABLE = YES;
				IPHONEOS_DEPLOYMENT_TARGET = 12.1;
				MTL_ENABLE_DEBUG_INFO = NO;
				MTL_FAST_MATH = YES;
				SDKROOT = iphoneos;
				SWIFT_COMPILATION_MODE = wholemodule;
				SWIFT_OPTIMIZATION_LEVEL = "-O";
				VALIDATE_PRODUCT = YES;
			};
			name = Release;
		};
		2861205921F0F310000A7F91 /* Debug */ = {
			isa = XCBuildConfiguration;
			baseConfigurationReference = 706F5466A76394BA9D854C09 /* Pods-ChatApp.debug.xcconfig */;
			buildSettings = {
				ASSETCATALOG_COMPILER_APPICON_NAME = AppIcon;
				CODE_SIGN_ENTITLEMENTS = ChatApp/ChatApp.entitlements;
				CODE_SIGN_STYLE = Automatic;
				DEVELOPMENT_TEAM = 7L9BJYQ2H8;
				INFOPLIST_FILE = ChatApp/Info.plist;
				LD_RUNPATH_SEARCH_PATHS = (
					"$(inherited)",
					"@executable_path/Frameworks",
				);
				PRODUCT_BUNDLE_IDENTIFIER = com.WilliamKelly.ChatApp;
				PRODUCT_NAME = "$(TARGET_NAME)";
				SWIFT_VERSION = 4.2;
				TARGETED_DEVICE_FAMILY = "1,2";
			};
			name = Debug;
		};
		2861205A21F0F310000A7F91 /* Release */ = {
			isa = XCBuildConfiguration;
			baseConfigurationReference = 441D549E758F20ADDB4DB7CD /* Pods-ChatApp.release.xcconfig */;
			buildSettings = {
				ASSETCATALOG_COMPILER_APPICON_NAME = AppIcon;
				CODE_SIGN_ENTITLEMENTS = ChatApp/ChatApp.entitlements;
				CODE_SIGN_STYLE = Automatic;
				DEVELOPMENT_TEAM = 7L9BJYQ2H8;
				INFOPLIST_FILE = ChatApp/Info.plist;
				LD_RUNPATH_SEARCH_PATHS = (
					"$(inherited)",
					"@executable_path/Frameworks",
				);
				PRODUCT_BUNDLE_IDENTIFIER = com.WilliamKelly.ChatApp;
				PRODUCT_NAME = "$(TARGET_NAME)";
				SWIFT_VERSION = 4.2;
				TARGETED_DEVICE_FAMILY = "1,2";
			};
			name = Release;
		};
		2861205C21F0F310000A7F91 /* Debug */ = {
			isa = XCBuildConfiguration;
			baseConfigurationReference = 57076B620E11CA40B0BD844D /* Pods-ChatAppTests.debug.xcconfig */;
			buildSettings = {
				ALWAYS_EMBED_SWIFT_STANDARD_LIBRARIES = YES;
				BUNDLE_LOADER = "$(TEST_HOST)";
				CODE_SIGN_STYLE = Automatic;
				DEVELOPMENT_TEAM = 7L9BJYQ2H8;
				INFOPLIST_FILE = ChatAppTests/Info.plist;
				LD_RUNPATH_SEARCH_PATHS = (
					"$(inherited)",
					"@executable_path/Frameworks",
					"@loader_path/Frameworks",
				);
				PRODUCT_BUNDLE_IDENTIFIER = com.WilliamKelly.ChatAppTests;
				PRODUCT_NAME = "$(TARGET_NAME)";
				SWIFT_VERSION = 4.2;
				TARGETED_DEVICE_FAMILY = "1,2";
				TEST_HOST = "$(BUILT_PRODUCTS_DIR)/ChatApp.app/ChatApp";
			};
			name = Debug;
		};
		2861205D21F0F310000A7F91 /* Release */ = {
			isa = XCBuildConfiguration;
			baseConfigurationReference = 11FDABE7CEB4A7B6CF55BC98 /* Pods-ChatAppTests.release.xcconfig */;
			buildSettings = {
				ALWAYS_EMBED_SWIFT_STANDARD_LIBRARIES = YES;
				BUNDLE_LOADER = "$(TEST_HOST)";
				CODE_SIGN_STYLE = Automatic;
				DEVELOPMENT_TEAM = 7L9BJYQ2H8;
				INFOPLIST_FILE = ChatAppTests/Info.plist;
				LD_RUNPATH_SEARCH_PATHS = (
					"$(inherited)",
					"@executable_path/Frameworks",
					"@loader_path/Frameworks",
				);
				PRODUCT_BUNDLE_IDENTIFIER = com.WilliamKelly.ChatAppTests;
				PRODUCT_NAME = "$(TARGET_NAME)";
				SWIFT_VERSION = 4.2;
				TARGETED_DEVICE_FAMILY = "1,2";
				TEST_HOST = "$(BUILT_PRODUCTS_DIR)/ChatApp.app/ChatApp";
			};
			name = Release;
		};
		2861205F21F0F310000A7F91 /* Debug */ = {
			isa = XCBuildConfiguration;
			baseConfigurationReference = 8C7D1F332C121E11C776FC6E /* Pods-ChatAppUITests.debug.xcconfig */;
			buildSettings = {
				ALWAYS_EMBED_SWIFT_STANDARD_LIBRARIES = YES;
				CODE_SIGN_STYLE = Automatic;
				DEVELOPMENT_TEAM = 7L9BJYQ2H8;
				INFOPLIST_FILE = ChatAppUITests/Info.plist;
				LD_RUNPATH_SEARCH_PATHS = (
					"$(inherited)",
					"@executable_path/Frameworks",
					"@loader_path/Frameworks",
				);
				PRODUCT_BUNDLE_IDENTIFIER = com.WilliamKelly.ChatAppUITests;
				PRODUCT_NAME = "$(TARGET_NAME)";
				SWIFT_VERSION = 4.2;
				TARGETED_DEVICE_FAMILY = "1,2";
				TEST_TARGET_NAME = ChatApp;
			};
			name = Debug;
		};
		2861206021F0F310000A7F91 /* Release */ = {
			isa = XCBuildConfiguration;
			baseConfigurationReference = D2A0115D68EA03D5208E7BA6 /* Pods-ChatAppUITests.release.xcconfig */;
			buildSettings = {
				ALWAYS_EMBED_SWIFT_STANDARD_LIBRARIES = YES;
				CODE_SIGN_STYLE = Automatic;
				DEVELOPMENT_TEAM = 7L9BJYQ2H8;
				INFOPLIST_FILE = ChatAppUITests/Info.plist;
				LD_RUNPATH_SEARCH_PATHS = (
					"$(inherited)",
					"@executable_path/Frameworks",
					"@loader_path/Frameworks",
				);
				PRODUCT_BUNDLE_IDENTIFIER = com.WilliamKelly.ChatAppUITests;
				PRODUCT_NAME = "$(TARGET_NAME)";
				SWIFT_VERSION = 4.2;
				TARGETED_DEVICE_FAMILY = "1,2";
				TEST_TARGET_NAME = ChatApp;
			};
			name = Release;
		};
/* End XCBuildConfiguration section */

/* Begin XCConfigurationList section */
		2861202B21F0F30D000A7F91 /* Build configuration list for PBXProject "ChatApp" */ = {
			isa = XCConfigurationList;
			buildConfigurations = (
				2861205621F0F310000A7F91 /* Debug */,
				2861205721F0F310000A7F91 /* Release */,
			);
			defaultConfigurationIsVisible = 0;
			defaultConfigurationName = Release;
		};
		2861205821F0F310000A7F91 /* Build configuration list for PBXNativeTarget "ChatApp" */ = {
			isa = XCConfigurationList;
			buildConfigurations = (
				2861205921F0F310000A7F91 /* Debug */,
				2861205A21F0F310000A7F91 /* Release */,
			);
			defaultConfigurationIsVisible = 0;
			defaultConfigurationName = Release;
		};
		2861205B21F0F310000A7F91 /* Build configuration list for PBXNativeTarget "ChatAppTests" */ = {
			isa = XCConfigurationList;
			buildConfigurations = (
				2861205C21F0F310000A7F91 /* Debug */,
				2861205D21F0F310000A7F91 /* Release */,
			);
			defaultConfigurationIsVisible = 0;
			defaultConfigurationName = Release;
		};
		2861205E21F0F310000A7F91 /* Build configuration list for PBXNativeTarget "ChatAppUITests" */ = {
			isa = XCConfigurationList;
			buildConfigurations = (
				2861205F21F0F310000A7F91 /* Debug */,
				2861206021F0F310000A7F91 /* Release */,
			);
			defaultConfigurationIsVisible = 0;
			defaultConfigurationName = Release;
		};
/* End XCConfigurationList section */
	};
	rootObject = 2861202821F0F30D000A7F91 /* Project object */;
}
